
Microsoft Visual Studio Solution File, Format Version 12.00
# Visual Studio Version 16
VisualStudioVersion = 16.0.30621.155
MinimumVisualStudioVersion = 10.0.40219.1
Project("{FAE04EC0-301F-11D3-BF4B-00C04F79EFBC}") = "OsmanProje", "OsmanProje\OsmanProje.csproj", "{5DBB5116-39D4-4542-A4F7-124222304FC3}"
EndProject
Global
	GlobalSection(SolutionConfigurationPlatforms) = preSolution
		Debug|Any CPU = Debug|Any CPU
		Release|Any CPU = Release|Any CPU
	EndGlobalSection
	GlobalSection(ProjectConfigurationPlatforms) = postSolution
		{5DBB5116-39D4-4542-A4F7-124222304FC3}.Debug|Any CPU.ActiveCfg = Debug|Any CPU
		{5DBB5116-39D4-4542-A4F7-124222304FC3}.Debug|Any CPU.Build.0 = Debug|Any CPU
		{5DBB5116-39D4-4542-A4F7-124222304FC3}.Release|Any CPU.ActiveCfg = Release|Any CPU
		{5DBB5116-39D4-4542-A4F7-124222304FC3}.Release|Any CPU.Build.0 = Release|Any CPU
	EndGlobalSection
	GlobalSection(SolutionProperties) = preSolution
		HideSolutionNode = FALSE
	EndGlobalSection
	GlobalSection(ExtensibilityGlobals) = postSolution
		SolutionGuid = {F27C4262-7B2D-4A26-8421-D0C770AF59EA}
	EndGlobalSection
EndGlobal
